
Microsoft Visual Studio Solution File, Format Version 12.00
# Visual Studio Version 17
VisualStudioVersion = 17.4.33403.182
MinimumVisualStudioVersion = 10.0.40219.1
Project("{FAE04EC0-301F-11D3-BF4B-00C04F79EFBC}") = "EmployeeTestApi", "EmployeeTestApi\EmployeeTestApi.csproj", "{30061183-3E79-4EE8-9C6E-9BD48584F526}"
EndProject
Global
	GlobalSection(SolutionConfigurationPlatforms) = preSolution
		Debug|Any CPU = Debug|Any CPU
		Release|Any CPU = Release|Any CPU
	EndGlobalSection
	GlobalSection(ProjectConfigurationPlatforms) = postSolution
		{30061183-3E79-4EE8-9C6E-9BD48584F526}.Debug|Any CPU.ActiveCfg = Debug|Any CPU
		{30061183-3E79-4EE8-9C6E-9BD48584F526}.Debug|Any CPU.Build.0 = Debug|Any CPU
		{30061183-3E79-4EE8-9C6E-9BD48584F526}.Release|Any CPU.ActiveCfg = Release|Any CPU
		{30061183-3E79-4EE8-9C6E-9BD48584F526}.Release|Any CPU.Build.0 = Release|Any CPU
	EndGlobalSection
	GlobalSection(SolutionProperties) = preSolution
		HideSolutionNode = FALSE
	EndGlobalSection
	GlobalSection(ExtensibilityGlobals) = postSolution
		SolutionGuid = {4FF74228-2DC8-4D00-B26E-7BF4863A2FF3}
	EndGlobalSection
EndGlobal
